
Microsoft Visual Studio Solution File, Format Version 12.00
# Visual Studio 15
VisualStudioVersion = 15.0.28307.271
MinimumVisualStudioVersion = 10.0.40219.1
Project("{FAE04EC0-301F-11D3-BF4B-00C04F79EFBC}") = "SplashyApp.Android", "SplashyApp\SplashyApp.Android\SplashyApp.Android.csproj", "{5753A2C3-B46F-4CA6-A6D2-47641DB8C50D}"
EndProject
Project("{FAE04EC0-301F-11D3-BF4B-00C04F79EFBC}") = "SplashyApp.iOS", "SplashyApp\SplashyApp.iOS\SplashyApp.iOS.csproj", "{610D3B54-83BB-451C-B5E3-24E1C5561E08}"
EndProject
Project("{FAE04EC0-301F-11D3-BF4B-00C04F79EFBC}") = "SplashyApp", "SplashyApp\SplashyApp\SplashyApp.csproj", "{0F78D735-5472-49B6-8981-32961732CBC8}"
EndProject
Global
	GlobalSection(SolutionConfigurationPlatforms) = preSolution
		Ad-Hoc|Any CPU = Ad-Hoc|Any CPU
		Ad-Hoc|iPhone = Ad-Hoc|iPhone
		Ad-Hoc|iPhoneSimulator = Ad-Hoc|iPhoneSimulator
		AppStore|Any CPU = AppStore|Any CPU
		AppStore|iPhone = AppStore|iPhone
		AppStore|iPhoneSimulator = AppStore|iPhoneSimulator
		Debug|Any CPU = Debug|Any CPU
		Debug|iPhone = Debug|iPhone
		Debug|iPhoneSimulator = Debug|iPhoneSimulator
		Release|Any CPU = Release|Any CPU
		Release|iPhone = Release|iPhone
		Release|iPhoneSimulator = Release|iPhoneSimulator
	EndGlobalSection
	GlobalSection(ProjectConfigurationPlatforms) = postSolution
		{5753A2C3-B46F-4CA6-A6D2-47641DB8C50D}.Ad-Hoc|Any CPU.ActiveCfg = Release|Any CPU
		{5753A2C3-B46F-4CA6-A6D2-47641DB8C50D}.Ad-Hoc|Any CPU.Build.0 = Release|Any CPU
		{5753A2C3-B46F-4CA6-A6D2-47641DB8C50D}.Ad-Hoc|Any CPU.Deploy.0 = Release|Any CPU
		{5753A2C3-B46F-4CA6-A6D2-47641DB8C50D}.Ad-Hoc|iPhone.ActiveCfg = Release|Any CPU
		{5753A2C3-B46F-4CA6-A6D2-47641DB8C50D}.Ad-Hoc|iPhone.Build.0 = Release|Any CPU
		{5753A2C3-B46F-4CA6-A6D2-47641DB8C50D}.Ad-Hoc|iPhone.Deploy.0 = Release|Any CPU
		{5753A2C3-B46F-4CA6-A6D2-47641DB8C50D}.Ad-Hoc|iPhoneSimulator.ActiveCfg = Release|Any CPU
		{5753A2C3-B46F-4CA6-A6D2-47641DB8C50D}.Ad-Hoc|iPhoneSimulator.Build.0 = Release|Any CPU
		{5753A2C3-B46F-4CA6-A6D2-47641DB8C50D}.Ad-Hoc|iPhoneSimulator.Deploy.0 = Release|Any CPU
		{5753A2C3-B46F-4CA6-A6D2-47641DB8C50D}.AppStore|Any CPU.ActiveCfg = Release|Any CPU
		{5753A2C3-B46F-4CA6-A6D2-47641DB8C50D}.AppStore|Any CPU.Build.0 = Release|Any CPU
		{5753A2C3-B46F-4CA6-A6D2-47641DB8C50D}.AppStore|Any CPU.Deploy.0 = Release|Any CPU
		{5753A2C3-B46F-4CA6-A6D2-47641DB8C50D}.AppStore|iPhone.ActiveCfg = Release|Any CPU
		{5753A2C3-B46F-4CA6-A6D2-47641DB8C50D}.AppStore|iPhone.Build.0 = Release|Any CPU
		{5753A2C3-B46F-4CA6-A6D2-47641DB8C50D}.AppStore|iPhone.Deploy.0 = Release|Any CPU
		{5753A2C3-B46F-4CA6-A6D2-47641DB8C50D}.AppStore|iPhoneSimulator.ActiveCfg = Release|Any CPU
		{5753A2C3-B46F-4CA6-A6D2-47641DB8C50D}.AppStore|iPhoneSimulator.Build.0 = Release|Any CPU
		{5753A2C3-B46F-4CA6-A6D2-47641DB8C50D}.AppStore|iPhoneSimulator.Deploy.0 = Release|Any CPU
		{5753A2C3-B46F-4CA6-A6D2-47641DB8C50D}.Debug|Any CPU.ActiveCfg = Debug|Any CPU
		{5753A2C3-B46F-4CA6-A6D2-47641DB8C50D}.Debug|Any CPU.Build.0 = Debug|Any CPU
		{5753A2C3-B46F-4CA6-A6D2-47641DB8C50D}.Debug|Any CPU.Deploy.0 = Debug|Any CPU
		{5753A2C3-B46F-4CA6-A6D2-47641DB8C50D}.Debug|iPhone.ActiveCfg = Debug|Any CPU
		{5753A2C3-B46F-4CA6-A6D2-47641DB8C50D}.Debug|iPhone.Build.0 = Debug|Any CPU
		{5753A2C3-B46F-4CA6-A6D2-47641DB8C50D}.Debug|iPhone.Deploy.0 = Debug|Any CPU
		{5753A2C3-B46F-4CA6-A6D2-47641DB8C50D}.Debug|iPhoneSimulator.ActiveCfg = Debug|Any CPU
		{5753A2C3-B46F-4CA6-A6D2-47641DB8C50D}.Debug|iPhoneSimulator.Build.0 = Debug|Any CPU
		{5753A2C3-B46F-4CA6-A6D2-47641DB8C50D}.Debug|iPhoneSimulator.Deploy.0 = Debug|Any CPU
		{5753A2C3-B46F-4CA6-A6D2-47641DB8C50D}.Release|Any CPU.ActiveCfg = Release|Any CPU
		{5753A2C3-B46F-4CA6-A6D2-47641DB8C50D}.Release|Any CPU.Build.0 = Release|Any CPU
		{5753A2C3-B46F-4CA6-A6D2-47641DB8C50D}.Release|Any CPU.Deploy.0 = Release|Any CPU
		{5753A2C3-B46F-4CA6-A6D2-47641DB8C50D}.Release|iPhone.ActiveCfg = Release|Any CPU
		{5753A2C3-B46F-4CA6-A6D2-47641DB8C50D}.Release|iPhone.Build.0 = Release|Any CPU
		{5753A2C3-B46F-4CA6-A6D2-47641DB8C50D}.Release|iPhone.Deploy.0 = Release|Any CPU
		{5753A2C3-B46F-4CA6-A6D2-47641DB8C50D}.Release|iPhoneSimulator.ActiveCfg = Release|Any CPU
		{5753A2C3-B46F-4CA6-A6D2-47641DB8C50D}.Release|iPhoneSimulator.Build.0 = Release|Any CPU
		{5753A2C3-B46F-4CA6-A6D2-47641DB8C50D}.Release|iPhoneSimulator.Deploy.0 = Release|Any CPU
		{610D3B54-83BB-451C-B5E3-24E1C5561E08}.Ad-Hoc|Any CPU.ActiveCfg = Ad-Hoc|iPhone
		{610D3B54-83BB-451C-B5E3-24E1C5561E08}.Ad-Hoc|Any CPU.Build.0 = Ad-Hoc|iPhone
		{610D3B54-83BB-451C-B5E3-24E1C5561E08}.Ad-Hoc|Any CPU.Deploy.0 = Ad-Hoc|iPhone
		{610D3B54-83BB-451C-B5E3-24E1C5561E08}.Ad-Hoc|iPhone.ActiveCfg = Ad-Hoc|iPhone
		{610D3B54-83BB-451C-B5E3-24E1C5561E08}.Ad-Hoc|iPhone.Build.0 = Ad-Hoc|iPhone
		{610D3B54-83BB-451C-B5E3-24E1C5561E08}.Ad-Hoc|iPhone.Deploy.0 = Ad-Hoc|iPhone
		{610D3B54-83BB-451C-B5E3-24E1C5561E08}.Ad-Hoc|iPhoneSimulator.ActiveCfg = Ad-Hoc|iPhoneSimulator
		{610D3B54-83BB-451C-B5E3-24E1C5561E08}.Ad-Hoc|iPhoneSimulator.Build.0 = Ad-Hoc|iPhoneSimulator
		{610D3B54-83BB-451C-B5E3-24E1C5561E08}.Ad-Hoc|iPhoneSimulator.Deploy.0 = Ad-Hoc|iPhoneSimulator
		{610D3B54-83BB-451C-B5E3-24E1C5561E08}.AppStore|Any CPU.ActiveCfg = AppStore|iPhone
		{610D3B54-83BB-451C-B5E3-24E1C5561E08}.AppStore|Any CPU.Build.0 = AppStore|iPhone
		{610D3B54-83BB-451C-B5E3-24E1C5561E08}.AppStore|Any CPU.Deploy.0 = AppStore|iPhone
		{610D3B54-83BB-451C-B5E3-24E1C5561E08}.AppStore|iPhone.ActiveCfg = AppStore|iPhone
		{610D3B54-83BB-451C-B5E3-24E1C5561E08}.AppStore|iPhone.Build.0 = AppStore|iPhone
		{610D3B54-83BB-451C-B5E3-24E1C5561E08}.AppStore|iPhone.Deploy.0 = AppStore|iPhone
		{610D3B54-83BB-451C-B5E3-24E1C5561E08}.AppStore|iPhoneSimulator.ActiveCfg = AppStore|iPhoneSimulator
		{610D3B54-83BB-451C-B5E3-24E1C5561E08}.AppStore|iPhoneSimulator.Build.0 = AppStore|iPhoneSimulator
		{610D3B54-83BB-451C-B5E3-24E1C5561E08}.AppStore|iPhoneSimulator.Deploy.0 = AppStore|iPhoneSimulator
		{610D3B54-83BB-451C-B5E3-24E1C5561E08}.Debug|Any CPU.ActiveCfg = Debug|iPhoneSimulator
		{610D3B54-83BB-451C-B5E3-24E1C5561E08}.Debug|Any CPU.Build.0 = Debug|iPhoneSimulator
		{610D3B54-83BB-451C-B5E3-24E1C5561E08}.Debug|Any CPU.Deploy.0 = Debug|iPhoneSimulator
		{610D3B54-83BB-451C-B5E3-24E1C5561E08}.Debug|iPhone.ActiveCfg = Debug|iPhone
		{610D3B54-83BB-451C-B5E3-24E1C5561E08}.Debug|iPhone.Build.0 = Debug|iPhone
		{610D3B54-83BB-451C-B5E3-24E1C5561E08}.Debug|iPhone.Deploy.0 = Debug|iPhone
		{610D3B54-83BB-451C-B5E3-24E1C5561E08}.Debug|iPhoneSimulator.ActiveCfg = Debug|iPhoneSimulator
		{610D3B54-83BB-451C-B5E3-24E1C5561E08}.Debug|iPhoneSimulator.Build.0 = Debug|iPhoneSimulator
		{610D3B54-83BB-451C-B5E3-24E1C5561E08}.Debug|iPhoneSimulator.Deploy.0 = Debug|iPhoneSimulator
		{610D3B54-83BB-451C-B5E3-24E1C5561E08}.Release|Any CPU.ActiveCfg = Release|iPhone
		{610D3B54-83BB-451C-B5E3-24E1C5561E08}.Release|Any CPU.Build.0 = Release|iPhone
		{610D3B54-83BB-451C-B5E3-24E1C5561E08}.Release|Any CPU.Deploy.0 = Release|iPhone
		{610D3B54-83BB-451C-B5E3-24E1C5561E08}.Release|iPhone.ActiveCfg = Release|iPhone
		{610D3B54-83BB-451C-B5E3-24E1C5561E08}.Release|iPhone.Build.0 = Release|iPhone
		{610D3B54-83BB-451C-B5E3-24E1C5561E08}.Release|iPhone.Deploy.0 = Release|iPhone
		{610D3B54-83BB-451C-B5E3-24E1C5561E08}.Release|iPhoneSimulator.ActiveCfg = Release|iPhoneSimulator
		{610D3B54-83BB-451C-B5E3-24E1C5561E08}.Release|iPhoneSimulator.Build.0 = Release|iPhoneSimulator
		{610D3B54-83BB-451C-B5E3-24E1C5561E08}.Release|iPhoneSimulator.Deploy.0 = Release|iPhoneSimulator
		{0F78D735-5472-49B6-8981-32961732CBC8}.Ad-Hoc|Any CPU.ActiveCfg = Debug|Any CPU
		{0F78D735-5472-49B6-8981-32961732CBC8}.Ad-Hoc|Any CPU.Build.0 = Debug|Any CPU
		{0F78D735-5472-49B6-8981-32961732CBC8}.Ad-Hoc|Any CPU.Deploy.0 = Debug|Any CPU
		{0F78D735-5472-49B6-8981-32961732CBC8}.Ad-Hoc|iPhone.ActiveCfg = Debug|Any CPU
		{0F78D735-5472-49B6-8981-32961732CBC8}.Ad-Hoc|iPhone.Build.0 = Debug|Any CPU
		{0F78D735-5472-49B6-8981-32961732CBC8}.Ad-Hoc|iPhone.Deploy.0 = Debug|Any CPU
		{0F78D735-5472-49B6-8981-32961732CBC8}.Ad-Hoc|iPhoneSimulator.ActiveCfg = Debug|Any CPU
		{0F78D735-5472-49B6-8981-32961732CBC8}.Ad-Hoc|iPhoneSimulator.Build.0 = Debug|Any CPU
		{0F78D735-5472-49B6-8981-32961732CBC8}.Ad-Hoc|iPhoneSimulator.Deploy.0 = Debug|Any CPU
		{0F78D735-5472-49B6-8981-32961732CBC8}.AppStore|Any CPU.ActiveCfg = Debug|Any CPU
		{0F78D735-5472-49B6-8981-32961732CBC8}.AppStore|Any CPU.Build.0 = Debug|Any CPU
		{0F78D735-5472-49B6-8981-32961732CBC8}.AppStore|Any CPU.Deploy.0 = Debug|Any CPU
		{0F78D735-5472-49B6-8981-32961732CBC8}.AppStore|iPhone.ActiveCfg = Debug|Any CPU
		{0F78D735-5472-49B6-8981-32961732CBC8}.AppStore|iPhone.Build.0 = Debug|Any CPU
		{0F78D735-5472-49B6-8981-32961732CBC8}.AppStore|iPhone.Deploy.0 = Debug|Any CPU
		{0F78D735-5472-49B6-8981-32961732CBC8}.AppStore|iPhoneSimulator.ActiveCfg = Debug|Any CPU
		{0F78D735-5472-49B6-8981-32961732CBC8}.AppStore|iPhoneSimulator.Build.0 = Debug|Any CPU
		{0F78D735-5472-49B6-8981-32961732CBC8}.AppStore|iPhoneSimulator.Deploy.0 = Debug|Any CPU
		{0F78D735-5472-49B6-8981-32961732CBC8}.Debug|Any CPU.ActiveCfg = Debug|Any CPU
		{0F78D735-5472-49B6-8981-32961732CBC8}.Debug|Any CPU.Build.0 = Debug|Any CPU
		{0F78D735-5472-49B6-8981-32961732CBC8}.Debug|Any CPU.Deploy.0 = Debug|Any CPU
		{0F78D735-5472-49B6-8981-32961732CBC8}.Debug|iPhone.ActiveCfg = Debug|Any CPU
		{0F78D735-5472-49B6-8981-32961732CBC8}.Debug|iPhone.Build.0 = Debug|Any CPU
		{0F78D735-5472-49B6-8981-32961732CBC8}.Debug|iPhone.Deploy.0 = Debug|Any CPU
		{0F78D735-5472-49B6-8981-32961732CBC8}.Debug|iPhoneSimulator.ActiveCfg = Debug|Any CPU
		{0F78D735-5472-49B6-8981-32961732CBC8}.Debug|iPhoneSimulator.Build.0 = Debug|Any CPU
		{0F78D735-5472-49B6-8981-32961732CBC8}.Debug|iPhoneSimulator.Deploy.0 = Debug|Any CPU
		{0F78D735-5472-49B6-8981-32961732CBC8}.Release|Any CPU.ActiveCfg = Release|Any CPU
		{0F78D735-5472-49B6-8981-32961732CBC8}.Release|Any CPU.Build.0 = Release|Any CPU
		{0F78D735-5472-49B6-8981-32961732CBC8}.Release|Any CPU.Deploy.0 = Release|Any CPU
		{0F78D735-5472-49B6-8981-32961732CBC8}.Release|iPhone.ActiveCfg = Release|Any CPU
		{0F78D735-5472-49B6-8981-32961732CBC8}.Release|iPhone.Build.0 = Release|Any CPU
		{0F78D735-5472-49B6-8981-32961732CBC8}.Release|iPhone.Deploy.0 = Release|Any CPU
		{0F78D735-5472-49B6-8981-32961732CBC8}.Release|iPhoneSimulator.ActiveCfg = Release|Any CPU
		{0F78D735-5472-49B6-8981-32961732CBC8}.Release|iPhoneSimulator.Build.0 = Release|Any CPU
		{0F78D735-5472-49B6-8981-32961732CBC8}.Release|iPhoneSimulator.Deploy.0 = Release|Any CPU
	EndGlobalSection
	GlobalSection(SolutionProperties) = preSolution
		HideSolutionNode = FALSE
	EndGlobalSection
	GlobalSection(ExtensibilityGlobals) = postSolution
		SolutionGuid = {C223A43B-E2FC-4ECF-8D36-39A448AD1C50}
	EndGlobalSection
EndGlobal
